// !$*UTF8*$!
{
	archiveVersion = 1;
	classes = {
	};
	objectVersion = 51;
	objects = {

/* Begin PBXBuildFile section */
		CDB4C2CB18B8AB0E1CB8619A /* Pods_MyMemory.framework in Frameworks */ = {isa = PBXBuildFile; fileRef = BBEC4D0936D5E759200875BE /* Pods_MyMemory.framework */; };
		FF3822CD256E100600834B35 /* AppDelegate.swift in Sources */ = {isa = PBXBuildFile; fileRef = FF3822CC256E100600834B35 /* AppDelegate.swift */; };
		FF3822CF256E100600834B35 /* SceneDelegate.swift in Sources */ = {isa = PBXBuildFile; fileRef = FF3822CE256E100600834B35 /* SceneDelegate.swift */; };
		FF3822D4256E100600834B35 /* Main.storyboard in Resources */ = {isa = PBXBuildFile; fileRef = FF3822D2256E100600834B35 /* Main.storyboard */; };
		FF3822D7256E100600834B35 /* MyMemory.xcdatamodeld in Sources */ = {isa = PBXBuildFile; fileRef = FF3822D5256E100600834B35 /* MyMemory.xcdatamodeld */; };
		FF3822D9256E100A00834B35 /* Assets.xcassets in Resources */ = {isa = PBXBuildFile; fileRef = FF3822D8256E100A00834B35 /* Assets.xcassets */; };
		FF3822DC256E100A00834B35 /* LaunchScreen.storyboard in Resources */ = {isa = PBXBuildFile; fileRef = FF3822DA256E100A00834B35 /* LaunchScreen.storyboard */; };
		FF3822E7256E321900834B35 /* MemoListVC.swift in Sources */ = {isa = PBXBuildFile; fileRef = FF3822E6256E321900834B35 /* MemoListVC.swift */; };
		FF3822EA256E325A00834B35 /* MemoFormVC.swift in Sources */ = {isa = PBXBuildFile; fileRef = FF3822E9256E325A00834B35 /* MemoFormVC.swift */; };
		FF3822ED256E327A00834B35 /* MemoReadVC.swift in Sources */ = {isa = PBXBuildFile; fileRef = FF3822EC256E327A00834B35 /* MemoReadVC.swift */; };
		FF3822F1256E332800834B35 /* MemoCell.swift in Sources */ = {isa = PBXBuildFile; fileRef = FF3822F0256E332800834B35 /* MemoCell.swift */; };
		FF3822F4256E338D00834B35 /* MemoData.swift in Sources */ = {isa = PBXBuildFile; fileRef = FF3822F3256E338D00834B35 /* MemoData.swift */; };
		FF65A5292574D2FF0034CB8C /* CSLogButton.swift in Sources */ = {isa = PBXBuildFile; fileRef = FF65A5282574D2FF0034CB8C /* CSLogButton.swift */; };
		FF65A5302574D59E0034CB8C /* memo-background@2x.png in Resources */ = {isa = PBXBuildFile; fileRef = FF65A52C2574D59E0034CB8C /* memo-background@2x.png */; };
		FF65A5312574D59E0034CB8C /* fountainpen@2x.png in Resources */ = {isa = PBXBuildFile; fileRef = FF65A52D2574D59E0034CB8C /* fountainpen@2x.png */; };
		FF65A5322574D59E0034CB8C /* button-bg.png in Resources */ = {isa = PBXBuildFile; fileRef = FF65A52E2574D59E0034CB8C /* button-bg.png */; };
		FF65A5332574D59E0034CB8C /* warning-icon-60@2x.png in Resources */ = {isa = PBXBuildFile; fileRef = FF65A52F2574D59E0034CB8C /* warning-icon-60@2x.png */; };
		FF65A5B925762F320034CB8C /* SWRevealViewController.m in Sources */ = {isa = PBXBuildFile; fileRef = FF65A5B825762F310034CB8C /* SWRevealViewController.m */; };
		FF65A5C125762F760034CB8C /* icon06.png in Resources */ = {isa = PBXBuildFile; fileRef = FF65A5BB25762F740034CB8C /* icon06.png */; };
		FF65A5C225762F760034CB8C /* icon04.png in Resources */ = {isa = PBXBuildFile; fileRef = FF65A5BC25762F740034CB8C /* icon04.png */; };
		FF65A5C325762F760034CB8C /* icon01.png in Resources */ = {isa = PBXBuildFile; fileRef = FF65A5BD25762F750034CB8C /* icon01.png */; };
		FF65A5C425762F760034CB8C /* icon05.png in Resources */ = {isa = PBXBuildFile; fileRef = FF65A5BE25762F750034CB8C /* icon05.png */; };
		FF65A5C525762F760034CB8C /* icon03.png in Resources */ = {isa = PBXBuildFile; fileRef = FF65A5BF25762F750034CB8C /* icon03.png */; };
		FF65A5C625762F760034CB8C /* icon02.png in Resources */ = {isa = PBXBuildFile; fileRef = FF65A5C025762F760034CB8C /* icon02.png */; };
		FF65A5C925762F7D0034CB8C /* sidemenu.png in Resources */ = {isa = PBXBuildFile; fileRef = FF65A5C825762F7D0034CB8C /* sidemenu.png */; };
		FF65A5CC25762F880034CB8C /* account@2x.jpg in Resources */ = {isa = PBXBuildFile; fileRef = FF65A5CB25762F880034CB8C /* account@2x.jpg */; };
		FF65A5CF257634EC0034CB8C /* SideBarVC.swift in Sources */ = {isa = PBXBuildFile; fileRef = FF65A5CE257634EC0034CB8C /* SideBarVC.swift */; };
		FF65A5D2257687E50034CB8C /* ProfileVC.swift in Sources */ = {isa = PBXBuildFile; fileRef = FF65A5D1257687E50034CB8C /* ProfileVC.swift */; };
		FF65A5D5257699AA0034CB8C /* profile-bg.png in Resources */ = {isa = PBXBuildFile; fileRef = FF65A5D4257699AA0034CB8C /* profile-bg.png */; };
		FF76BF8A2587058A00AEE5FC /* MemoDAO.swift in Sources */ = {isa = PBXBuildFile; fileRef = FF76BF892587058A00AEE5FC /* MemoDAO.swift */; };
		FF76C12B25887D7400AEE5FC /* JoinVC.swift in Sources */ = {isa = PBXBuildFile; fileRef = FF76C12A25887D7400AEE5FC /* JoinVC.swift */; };
		FFDDC0D72578D3E200162835 /* UserInfoManager.swift in Sources */ = {isa = PBXBuildFile; fileRef = FFDDC0D62578D3E200162835 /* UserInfoManager.swift */; };
		FFDDC0DA2579495200162835 /* Tutorial.storyboard in Resources */ = {isa = PBXBuildFile; fileRef = FFDDC0D92579495200162835 /* Tutorial.storyboard */; };
		FFDDC0DD25794BED00162835 /* Utils.swift in Sources */ = {isa = PBXBuildFile; fileRef = FFDDC0DC25794BED00162835 /* Utils.swift */; };
		FFDDC0E025794D5800162835 /* TutorialContentsVC.swift in Sources */ = {isa = PBXBuildFile; fileRef = FFDDC0DF25794D5800162835 /* TutorialContentsVC.swift */; };
		FFDDC0E52579FC5000162835 /* TutorialMasterVC.swift in Sources */ = {isa = PBXBuildFile; fileRef = FFDDC0E42579FC5000162835 /* TutorialMasterVC.swift */; };
/* End PBXBuildFile section */

/* Begin PBXFileReference section */
		BBEC4D0936D5E759200875BE /* Pods_MyMemory.framework */ = {isa = PBXFileReference; explicitFileType = wrapper.framework; includeInIndex = 0; path = Pods_MyMemory.framework; sourceTree = BUILT_PRODUCTS_DIR; };
		E8E6AA689189C9A2C25EF235 /* Pods-MyMemory.release.xcconfig */ = {isa = PBXFileReference; includeInIndex = 1; lastKnownFileType = text.xcconfig; name = "Pods-MyMemory.release.xcconfig"; path = "Target Support Files/Pods-MyMemory/Pods-MyMemory.release.xcconfig"; sourceTree = "<group>"; };
		EB2993F09E146CF79E72421E /* Pods-MyMemory.debug.xcconfig */ = {isa = PBXFileReference; includeInIndex = 1; lastKnownFileType = text.xcconfig; name = "Pods-MyMemory.debug.xcconfig"; path = "Target Support Files/Pods-MyMemory/Pods-MyMemory.debug.xcconfig"; sourceTree = "<group>"; };
		FF3822C9256E100600834B35 /* MyMemory.app */ = {isa = PBXFileReference; explicitFileType = wrapper.application; includeInIndex = 0; path = MyMemory.app; sourceTree = BUILT_PRODUCTS_DIR; };
		FF3822CC256E100600834B35 /* AppDelegate.swift */ = {isa = PBXFileReference; lastKnownFileType = sourcecode.swift; path = AppDelegate.swift; sourceTree = "<group>"; };
		FF3822CE256E100600834B35 /* SceneDelegate.swift */ = {isa = PBXFileReference; lastKnownFileType = sourcecode.swift; path = SceneDelegate.swift; sourceTree = "<group>"; };
		FF3822D3256E100600834B35 /* Base */ = {isa = PBXFileReference; lastKnownFileType = file.storyboard; name = Base; path = Base.lproj/Main.storyboard; sourceTree = "<group>"; };
		FF3822D6256E100600834B35 /* MyMemory.xcdatamodel */ = {isa = PBXFileReference; lastKnownFileType = wrapper.xcdatamodel; path = MyMemory.xcdatamodel; sourceTree = "<group>"; };
		FF3822D8256E100A00834B35 /* Assets.xcassets */ = {isa = PBXFileReference; lastKnownFileType = folder.assetcatalog; path = Assets.xcassets; sourceTree = "<group>"; };
		FF3822DB256E100A00834B35 /* Base */ = {isa = PBXFileReference; lastKnownFileType = file.storyboard; name = Base; path = Base.lproj/LaunchScreen.storyboard; sourceTree = "<group>"; };
		FF3822DD256E100A00834B35 /* Info.plist */ = {isa = PBXFileReference; lastKnownFileType = text.plist.xml; path = Info.plist; sourceTree = "<group>"; };
		FF3822E6256E321900834B35 /* MemoListVC.swift */ = {isa = PBXFileReference; lastKnownFileType = sourcecode.swift; path = MemoListVC.swift; sourceTree = "<group>"; };
		FF3822E9256E325A00834B35 /* MemoFormVC.swift */ = {isa = PBXFileReference; lastKnownFileType = sourcecode.swift; path = MemoFormVC.swift; sourceTree = "<group>"; };
		FF3822EC256E327A00834B35 /* MemoReadVC.swift */ = {isa = PBXFileReference; lastKnownFileType = sourcecode.swift; path = MemoReadVC.swift; sourceTree = "<group>"; };
		FF3822F0256E332800834B35 /* MemoCell.swift */ = {isa = PBXFileReference; lastKnownFileType = sourcecode.swift; path = MemoCell.swift; sourceTree = "<group>"; };
		FF3822F3256E338D00834B35 /* MemoData.swift */ = {isa = PBXFileReference; lastKnownFileType = sourcecode.swift; path = MemoData.swift; sourceTree = "<group>"; };
		FF65A5282574D2FF0034CB8C /* CSLogButton.swift */ = {isa = PBXFileReference; lastKnownFileType = sourcecode.swift; path = CSLogButton.swift; sourceTree = "<group>"; };
		FF65A52C2574D59E0034CB8C /* memo-background@2x.png */ = {isa = PBXFileReference; lastKnownFileType = image.png; path = "memo-background@2x.png"; sourceTree = "<group>"; };
		FF65A52D2574D59E0034CB8C /* fountainpen@2x.png */ = {isa = PBXFileReference; lastKnownFileType = image.png; path = "fountainpen@2x.png"; sourceTree = "<group>"; };
		FF65A52E2574D59E0034CB8C /* button-bg.png */ = {isa = PBXFileReference; lastKnownFileType = image.png; path = "button-bg.png"; sourceTree = "<group>"; };
		FF65A52F2574D59E0034CB8C /* warning-icon-60@2x.png */ = {isa = PBXFileReference; lastKnownFileType = image.png; path = "warning-icon-60@2x.png"; sourceTree = "<group>"; };
		FF65A5B525762F300034CB8C /* MyMemory-Bridging-Header.h */ = {isa = PBXFileReference; lastKnownFileType = sourcecode.c.h; path = "MyMemory-Bridging-Header.h"; sourceTree = "<group>"; };
		FF65A5B725762F310034CB8C /* SWRevealViewController.h */ = {isa = PBXFileReference; fileEncoding = 4; lastKnownFileType = sourcecode.c.h; path = SWRevealViewController.h; sourceTree = "<group>"; };
		FF65A5B825762F310034CB8C /* SWRevealViewController.m */ = {isa = PBXFileReference; fileEncoding = 4; lastKnownFileType = sourcecode.c.objc; path = SWRevealViewController.m; sourceTree = "<group>"; };
		FF65A5BB25762F740034CB8C /* icon06.png */ = {isa = PBXFileReference; lastKnownFileType = image.png; path = icon06.png; sourceTree = "<group>"; };
		FF65A5BC25762F740034CB8C /* icon04.png */ = {isa = PBXFileReference; lastKnownFileType = image.png; path = icon04.png; sourceTree = "<group>"; };
		FF65A5BD25762F750034CB8C /* icon01.png */ = {isa = PBXFileReference; lastKnownFileType = image.png; path = icon01.png; sourceTree = "<group>"; };
		FF65A5BE25762F750034CB8C /* icon05.png */ = {isa = PBXFileReference; lastKnownFileType = image.png; path = icon05.png; sourceTree = "<group>"; };
		FF65A5BF25762F750034CB8C /* icon03.png */ = {isa = PBXFileReference; lastKnownFileType = image.png; path = icon03.png; sourceTree = "<group>"; };
		FF65A5C025762F760034CB8C /* icon02.png */ = {isa = PBXFileReference; lastKnownFileType = image.png; path = icon02.png; sourceTree = "<group>"; };
		FF65A5C825762F7D0034CB8C /* sidemenu.png */ = {isa = PBXFileReference; lastKnownFileType = image.png; path = sidemenu.png; sourceTree = "<group>"; };
		FF65A5CB25762F880034CB8C /* account@2x.jpg */ = {isa = PBXFileReference; lastKnownFileType = image.jpeg; path = "account@2x.jpg"; sourceTree = "<group>"; };
		FF65A5CE257634EC0034CB8C /* SideBarVC.swift */ = {isa = PBXFileReference; lastKnownFileType = sourcecode.swift; path = SideBarVC.swift; sourceTree = "<group>"; };
		FF65A5D1257687E50034CB8C /* ProfileVC.swift */ = {isa = PBXFileReference; lastKnownFileType = sourcecode.swift; path = ProfileVC.swift; sourceTree = "<group>"; };
		FF65A5D4257699AA0034CB8C /* profile-bg.png */ = {isa = PBXFileReference; lastKnownFileType = image.png; path = "profile-bg.png"; sourceTree = "<group>"; };
		FF76BF892587058A00AEE5FC /* MemoDAO.swift */ = {isa = PBXFileReference; lastKnownFileType = sourcecode.swift; path = MemoDAO.swift; sourceTree = "<group>"; };
		FF76C12A25887D7400AEE5FC /* JoinVC.swift */ = {isa = PBXFileReference; lastKnownFileType = sourcecode.swift; path = JoinVC.swift; sourceTree = "<group>"; };
		FFDDC0D62578D3E200162835 /* UserInfoManager.swift */ = {isa = PBXFileReference; lastKnownFileType = sourcecode.swift; path = UserInfoManager.swift; sourceTree = "<group>"; };
		FFDDC0D92579495200162835 /* Tutorial.storyboard */ = {isa = PBXFileReference; lastKnownFileType = file.storyboard; path = Tutorial.storyboard; sourceTree = "<group>"; };
		FFDDC0DC25794BED00162835 /* Utils.swift */ = {isa = PBXFileReference; lastKnownFileType = sourcecode.swift; path = Utils.swift; sourceTree = "<group>"; };
		FFDDC0DF25794D5800162835 /* TutorialContentsVC.swift */ = {isa = PBXFileReference; lastKnownFileType = sourcecode.swift; path = TutorialContentsVC.swift; sourceTree = "<group>"; };
		FFDDC0E42579FC5000162835 /* TutorialMasterVC.swift */ = {isa = PBXFileReference; lastKnownFileType = sourcecode.swift; path = TutorialMasterVC.swift; sourceTree = "<group>"; };
/* End PBXFileReference section */

/* Begin PBXFrameworksBuildPhase section */
		FF3822C6256E100600834B35 /* Frameworks */ = {
			isa = PBXFrameworksBuildPhase;
			buildActionMask = 2147483647;
			files = (
				CDB4C2CB18B8AB0E1CB8619A /* Pods_MyMemory.framework in Frameworks */,
			);
			runOnlyForDeploymentPostprocessing = 0;
		};
/* End PBXFrameworksBuildPhase section */

/* Begin PBXGroup section */
		48BC146C2A2D0B91F959D41D /* Frameworks */ = {
			isa = PBXGroup;
			children = (
				BBEC4D0936D5E759200875BE /* Pods_MyMemory.framework */,
			);
			name = Frameworks;
			sourceTree = "<group>";
		};
		C5685F79F555B95E67E214FC /* Pods */ = {
			isa = PBXGroup;
			children = (
				EB2993F09E146CF79E72421E /* Pods-MyMemory.debug.xcconfig */,
				E8E6AA689189C9A2C25EF235 /* Pods-MyMemory.release.xcconfig */,
			);
			path = Pods;
			sourceTree = "<group>";
		};
		FF3822C0256E100600834B35 = {
			isa = PBXGroup;
			children = (
				FF65A52B2574D5700034CB8C /* Resources */,
				FF3822CB256E100600834B35 /* MyMemory */,
				FF3822CA256E100600834B35 /* Products */,
				C5685F79F555B95E67E214FC /* Pods */,
				48BC146C2A2D0B91F959D41D /* Frameworks */,
			);
			sourceTree = "<group>";
		};
		FF3822CA256E100600834B35 /* Products */ = {
			isa = PBXGroup;
			children = (
				FF3822C9256E100600834B35 /* MyMemory.app */,
			);
			name = Products;
			sourceTree = "<group>";
		};
		FF3822CB256E100600834B35 /* MyMemory */ = {
			isa = PBXGroup;
			children = (
				FF65A5B725762F310034CB8C /* SWRevealViewController.h */,
				FF65A5B825762F310034CB8C /* SWRevealViewController.m */,
				FF3822CC256E100600834B35 /* AppDelegate.swift */,
				FF3822CE256E100600834B35 /* SceneDelegate.swift */,
				FF3822D2256E100600834B35 /* Main.storyboard */,
				FF76C12A25887D7400AEE5FC /* JoinVC.swift */,
				FF3822F3256E338D00834B35 /* MemoData.swift */,
				FF76BF892587058A00AEE5FC /* MemoDAO.swift */,
				FF3822F0256E332800834B35 /* MemoCell.swift */,
				FF3822E9256E325A00834B35 /* MemoFormVC.swift */,
				FF65A5282574D2FF0034CB8C /* CSLogButton.swift */,
				FF3822EC256E327A00834B35 /* MemoReadVC.swift */,
				FF3822E6256E321900834B35 /* MemoListVC.swift */,
				FF65A5CE257634EC0034CB8C /* SideBarVC.swift */,
				FF65A5D1257687E50034CB8C /* ProfileVC.swift */,
				FFDDC0D62578D3E200162835 /* UserInfoManager.swift */,
				FF3822D8256E100A00834B35 /* Assets.xcassets */,
				FF3822DA256E100A00834B35 /* LaunchScreen.storyboard */,
				FF3822D5256E100600834B35 /* MyMemory.xcdatamodeld */,
				FF3822DD256E100A00834B35 /* Info.plist */,
				FFDDC0E225794D8B00162835 /* Tutorial */,
				FF65A5B525762F300034CB8C /* MyMemory-Bridging-Header.h */,
			);
			path = MyMemory;
			sourceTree = "<group>";
		};
		FF65A52B2574D5700034CB8C /* Resources */ = {
			isa = PBXGroup;
			children = (
				FF65A5D4257699AA0034CB8C /* profile-bg.png */,
				FF65A5CB25762F880034CB8C /* account@2x.jpg */,
				FF65A5C825762F7D0034CB8C /* sidemenu.png */,
				FF65A5BD25762F750034CB8C /* icon01.png */,
				FF65A5C025762F760034CB8C /* icon02.png */,
				FF65A5BF25762F750034CB8C /* icon03.png */,
				FF65A5BC25762F740034CB8C /* icon04.png */,
				FF65A5BE25762F750034CB8C /* icon05.png */,
				FF65A5BB25762F740034CB8C /* icon06.png */,
				FF65A52E2574D59E0034CB8C /* button-bg.png */,
				FF65A52D2574D59E0034CB8C /* fountainpen@2x.png */,
				FF65A52C2574D59E0034CB8C /* memo-background@2x.png */,
				FF65A52F2574D59E0034CB8C /* warning-icon-60@2x.png */,
			);
			path = Resources;
			sourceTree = "<group>";
		};
		FFDDC0E225794D8B00162835 /* Tutorial */ = {
			isa = PBXGroup;
			children = (
				FFDDC0DC25794BED00162835 /* Utils.swift */,
				FFDDC0D92579495200162835 /* Tutorial.storyboard */,
				FFDDC0DF25794D5800162835 /* TutorialContentsVC.swift */,
				FFDDC0E42579FC5000162835 /* TutorialMasterVC.swift */,
			);
			path = Tutorial;
			sourceTree = "<group>";
		};
/* End PBXGroup section */

/* Begin PBXNativeTarget section */
		FF3822C8256E100600834B35 /* MyMemory */ = {
			isa = PBXNativeTarget;
			buildConfigurationList = FF3822E0256E100A00834B35 /* Build configuration list for PBXNativeTarget "MyMemory" */;
			buildPhases = (
				3DE563334CDB7D2D69EC34CD /* [CP] Check Pods Manifest.lock */,
				FF3822C5256E100600834B35 /* Sources */,
				FF3822C6256E100600834B35 /* Frameworks */,
				FF3822C7256E100600834B35 /* Resources */,
				5858D84B085A67100EFBD8BA /* [CP] Embed Pods Frameworks */,
			);
			buildRules = (
			);
			dependencies = (
			);
			name = MyMemory;
			productName = MyMemory;
			productReference = FF3822C9256E100600834B35 /* MyMemory.app */;
			productType = "com.apple.product-type.application";
		};
/* End PBXNativeTarget section */

/* Begin PBXProject section */
		FF3822C1256E100600834B35 /* Project object */ = {
			isa = PBXProject;
			attributes = {
				LastSwiftUpdateCheck = 1210;
				LastUpgradeCheck = 1210;
				TargetAttributes = {
					FF3822C8256E100600834B35 = {
						CreatedOnToolsVersion = 12.1;
						LastSwiftMigration = 1210;
					};
				};
			};
			buildConfigurationList = FF3822C4256E100600834B35 /* Build configuration list for PBXProject "MyMemory" */;
			compatibilityVersion = "Xcode 9.3";
			developmentRegion = en;
			hasScannedForEncodings = 0;
			knownRegions = (
				en,
				Base,
			);
			mainGroup = FF3822C0256E100600834B35;
			productRefGroup = FF3822CA256E100600834B35 /* Products */;
			projectDirPath = "";
			projectRoot = "";
			targets = (
				FF3822C8256E100600834B35 /* MyMemory */,
			);
		};
/* End PBXProject section */

/* Begin PBXResourcesBuildPhase section */
		FF3822C7256E100600834B35 /* Resources */ = {
			isa = PBXResourcesBuildPhase;
			buildActionMask = 2147483647;
			files = (
				FF65A5C625762F760034CB8C /* icon02.png in Resources */,
				FF3822DC256E100A00834B35 /* LaunchScreen.storyboard in Resources */,
				FF3822D9256E100A00834B35 /* Assets.xcassets in Resources */,
				FF65A5302574D59E0034CB8C /* memo-background@2x.png in Resources */,
				FF65A5C425762F760034CB8C /* icon05.png in Resources */,
				FF65A5312574D59E0034CB8C /* fountainpen@2x.png in Resources */,
				FF65A5C125762F760034CB8C /* icon06.png in Resources */,
				FF65A5C225762F760034CB8C /* icon04.png in Resources */,
				FF65A5D5257699AA0034CB8C /* profile-bg.png in Resources */,
				FF65A5322574D59E0034CB8C /* button-bg.png in Resources */,
				FF3822D4256E100600834B35 /* Main.storyboard in Resources */,
				FFDDC0DA2579495200162835 /* Tutorial.storyboard in Resources */,
				FF65A5C525762F760034CB8C /* icon03.png in Resources */,
				FF65A5332574D59E0034CB8C /* warning-icon-60@2x.png in Resources */,
				FF65A5CC25762F880034CB8C /* account@2x.jpg in Resources */,
				FF65A5C325762F760034CB8C /* icon01.png in Resources */,
				FF65A5C925762F7D0034CB8C /* sidemenu.png in Resources */,
			);
			runOnlyForDeploymentPostprocessing = 0;
		};
/* End PBXResourcesBuildPhase section */

/* Begin PBXShellScriptBuildPhase section */
		3DE563334CDB7D2D69EC34CD /* [CP] Check Pods Manifest.lock */ = {
			isa = PBXShellScriptBuildPhase;
			buildActionMask = 2147483647;
			files = (
			);
			inputFileListPaths = (
			);
			inputPaths = (
				"${PODS_PODFILE_DIR_PATH}/Podfile.lock",
				"${PODS_ROOT}/Manifest.lock",
			);
			name = "[CP] Check Pods Manifest.lock";
			outputFileListPaths = (
			);
			outputPaths = (
				"$(DERIVED_FILE_DIR)/Pods-MyMemory-checkManifestLockResult.txt",
			);
			runOnlyForDeploymentPostprocessing = 0;
			shellPath = /bin/sh;
			shellScript = "diff \"${PODS_PODFILE_DIR_PATH}/Podfile.lock\" \"${PODS_ROOT}/Manifest.lock\" > /dev/null\nif [ $? != 0 ] ; then\n    # print error to STDERR\n    echo \"error: The sandbox is not in sync with the Podfile.lock. Run 'pod install' or update your CocoaPods installation.\" >&2\n    exit 1\nfi\n# This output is used by Xcode 'outputs' to avoid re-running this script phase.\necho \"SUCCESS\" > \"${SCRIPT_OUTPUT_FILE_0}\"\n";
			showEnvVarsInLog = 0;
		};
		5858D84B085A67100EFBD8BA /* [CP] Embed Pods Frameworks */ = {
			isa = PBXShellScriptBuildPhase;
			buildActionMask = 2147483647;
			files = (
			);
			inputFileListPaths = (
				"${PODS_ROOT}/Target Support Files/Pods-MyMemory/Pods-MyMemory-frameworks-${CONFIGURATION}-input-files.xcfilelist",
			);
			name = "[CP] Embed Pods Frameworks";
			outputFileListPaths = (
				"${PODS_ROOT}/Target Support Files/Pods-MyMemory/Pods-MyMemory-frameworks-${CONFIGURATION}-output-files.xcfilelist",
			);
			runOnlyForDeploymentPostprocessing = 0;
			shellPath = /bin/sh;
			shellScript = "\"${PODS_ROOT}/Target Support Files/Pods-MyMemory/Pods-MyMemory-frameworks.sh\"\n";
			showEnvVarsInLog = 0;
		};
/* End PBXShellScriptBuildPhase section */

/* Begin PBXSourcesBuildPhase section */
		FF3822C5256E100600834B35 /* Sources */ = {
			isa = PBXSourcesBuildPhase;
			buildActionMask = 2147483647;
			files = (
				FF65A5D2257687E50034CB8C /* ProfileVC.swift in Sources */,
				FF65A5292574D2FF0034CB8C /* CSLogButton.swift in Sources */,
				FF65A5CF257634EC0034CB8C /* SideBarVC.swift in Sources */,
				FFDDC0DD25794BED00162835 /* Utils.swift in Sources */,
				FF3822F1256E332800834B35 /* MemoCell.swift in Sources */,
				FF3822F4256E338D00834B35 /* MemoData.swift in Sources */,
				FF3822E7256E321900834B35 /* MemoListVC.swift in Sources */,
				FF3822EA256E325A00834B35 /* MemoFormVC.swift in Sources */,
				FF3822ED256E327A00834B35 /* MemoReadVC.swift in Sources */,
				FF3822D7256E100600834B35 /* MyMemory.xcdatamodeld in Sources */,
				FFDDC0E52579FC5000162835 /* TutorialMasterVC.swift in Sources */,
				FF76BF8A2587058A00AEE5FC /* MemoDAO.swift in Sources */,
				FF65A5B925762F320034CB8C /* SWRevealViewController.m in Sources */,
				FF3822CD256E100600834B35 /* AppDelegate.swift in Sources */,
				FF76C12B25887D7400AEE5FC /* JoinVC.swift in Sources */,
				FFDDC0D72578D3E200162835 /* UserInfoManager.swift in Sources */,
				FFDDC0E025794D5800162835 /* TutorialContentsVC.swift in Sources */,
				FF3822CF256E100600834B35 /* SceneDelegate.swift in Sources */,
			);
			runOnlyForDeploymentPostprocessing = 0;
		};
/* End PBXSourcesBuildPhase section */

/* Begin PBXVariantGroup section */
		FF3822D2256E100600834B35 /* Main.storyboard */ = {
			isa = PBXVariantGroup;
			children = (
				FF3822D3256E100600834B35 /* Base */,
			);
			name = Main.storyboard;
			sourceTree = "<group>";
		};
		FF3822DA256E100A00834B35 /* LaunchScreen.storyboard */ = {
			isa = PBXVariantGroup;
			children = (
				FF3822DB256E100A00834B35 /* Base */,
			);
			name = LaunchScreen.storyboard;
			sourceTree = "<group>";
		};
/* End PBXVariantGroup section */

/* Begin XCBuildConfiguration section */
		FF3822DE256E100A00834B35 /* Debug */ = {
			isa = XCBuildConfiguration;
			buildSettings = {
				ALWAYS_SEARCH_USER_PATHS = NO;
				CLANG_ANALYZER_NONNULL = YES;
				CLANG_ANALYZER_NUMBER_OBJECT_CONVERSION = YES_AGGRESSIVE;
				CLANG_CXX_LANGUAGE_STANDARD = "gnu++14";
				CLANG_CXX_LIBRARY = "libc++";
				CLANG_ENABLE_MODULES = YES;
				CLANG_ENABLE_OBJC_ARC = YES;
				CLANG_ENABLE_OBJC_WEAK = YES;
				CLANG_WARN_BLOCK_CAPTURE_AUTORELEASING = YES;
				CLANG_WARN_BOOL_CONVERSION = YES;
				CLANG_WARN_COMMA = YES;
				CLANG_WARN_CONSTANT_CONVERSION = YES;
				CLANG_WARN_DEPRECATED_OBJC_IMPLEMENTATIONS = YES;
				CLANG_WARN_DIRECT_OBJC_ISA_USAGE = YES_ERROR;
				CLANG_WARN_DOCUMENTATION_COMMENTS = YES;
				CLANG_WARN_EMPTY_BODY = YES;
				CLANG_WARN_ENUM_CONVERSION = YES;
				CLANG_WARN_INFINITE_RECURSION = YES;
				CLANG_WARN_INT_CONVERSION = YES;
				CLANG_WARN_NON_LITERAL_NULL_CONVERSION = YES;
				CLANG_WARN_OBJC_IMPLICIT_RETAIN_SELF = YES;
				CLANG_WARN_OBJC_LITERAL_CONVERSION = YES;
				CLANG_WARN_OBJC_ROOT_CLASS = YES_ERROR;
				CLANG_WARN_QUOTED_INCLUDE_IN_FRAMEWORK_HEADER = YES;
				CLANG_WARN_RANGE_LOOP_ANALYSIS = YES;
				CLANG_WARN_STRICT_PROTOTYPES = YES;
				CLANG_WARN_SUSPICIOUS_MOVE = YES;
				CLANG_WARN_UNGUARDED_AVAILABILITY = YES_AGGRESSIVE;
				CLANG_WARN_UNREACHABLE_CODE = YES;
				CLANG_WARN__DUPLICATE_METHOD_MATCH = YES;
				COPY_PHASE_STRIP = NO;
				DEBUG_INFORMATION_FORMAT = dwarf;
				ENABLE_STRICT_OBJC_MSGSEND = YES;
				ENABLE_TESTABILITY = YES;
				GCC_C_LANGUAGE_STANDARD = gnu11;
				GCC_DYNAMIC_NO_PIC = NO;
				GCC_NO_COMMON_BLOCKS = YES;
				GCC_OPTIMIZATION_LEVEL = 0;
				GCC_PREPROCESSOR_DEFINITIONS = (
					"DEBUG=1",
					"$(inherited)",
				);
				GCC_WARN_64_TO_32_BIT_CONVERSION = YES;
				GCC_WARN_ABOUT_RETURN_TYPE = YES_ERROR;
				GCC_WARN_UNDECLARED_SELECTOR = YES;
				GCC_WARN_UNINITIALIZED_AUTOS = YES_AGGRESSIVE;
				GCC_WARN_UNUSED_FUNCTION = YES;
				GCC_WARN_UNUSED_VARIABLE = YES;
				IPHONEOS_DEPLOYMENT_TARGET = 14.1;
				MTL_ENABLE_DEBUG_INFO = INCLUDE_SOURCE;
				MTL_FAST_MATH = YES;
				ONLY_ACTIVE_ARCH = YES;
				SDKROOT = iphoneos;
				SWIFT_ACTIVE_COMPILATION_CONDITIONS = DEBUG;
				SWIFT_OPTIMIZATION_LEVEL = "-Onone";
			};
			name = Debug;
		};
		FF3822DF256E100A00834B35 /* Release */ = {
			isa = XCBuildConfiguration;
			buildSettings = {
				ALWAYS_SEARCH_USER_PATHS = NO;
				CLANG_ANALYZER_NONNULL = YES;
				CLANG_ANALYZER_NUMBER_OBJECT_CONVERSION = YES_AGGRESSIVE;
				CLANG_CXX_LANGUAGE_STANDARD = "gnu++14";
				CLANG_CXX_LIBRARY = "libc++";
				CLANG_ENABLE_MODULES = YES;
				CLANG_ENABLE_OBJC_ARC = YES;
				CLANG_ENABLE_OBJC_WEAK = YES;
				CLANG_WARN_BLOCK_CAPTURE_AUTORELEASING = YES;
				CLANG_WARN_BOOL_CONVERSION = YES;
				CLANG_WARN_COMMA = YES;
				CLANG_WARN_CONSTANT_CONVERSION = YES;
				CLANG_WARN_DEPRECATED_OBJC_IMPLEMENTATIONS = YES;
				CLANG_WARN_DIRECT_OBJC_ISA_USAGE = YES_ERROR;
				CLANG_WARN_DOCUMENTATION_COMMENTS = YES;
				CLANG_WARN_EMPTY_BODY = YES;
				CLANG_WARN_ENUM_CONVERSION = YES;
				CLANG_WARN_INFINITE_RECURSION = YES;
				CLANG_WARN_INT_CONVERSION = YES;
				CLANG_WARN_NON_LITERAL_NULL_CONVERSION = YES;
				CLANG_WARN_OBJC_IMPLICIT_RETAIN_SELF = YES;
				CLANG_WARN_OBJC_LITERAL_CONVERSION = YES;
				CLANG_WARN_OBJC_ROOT_CLASS = YES_ERROR;
				CLANG_WARN_QUOTED_INCLUDE_IN_FRAMEWORK_HEADER = YES;
				CLANG_WARN_RANGE_LOOP_ANALYSIS = YES;
				CLANG_WARN_STRICT_PROTOTYPES = YES;
				CLANG_WARN_SUSPICIOUS_MOVE = YES;
				CLANG_WARN_UNGUARDED_AVAILABILITY = YES_AGGRESSIVE;
				CLANG_WARN_UNREACHABLE_CODE = YES;
				CLANG_WARN__DUPLICATE_METHOD_MATCH = YES;
				COPY_PHASE_STRIP = NO;
				DEBUG_INFORMATION_FORMAT = "dwarf-with-dsym";
				ENABLE_NS_ASSERTIONS = NO;
				ENABLE_STRICT_OBJC_MSGSEND = YES;
				GCC_C_LANGUAGE_STANDARD = gnu11;
				GCC_NO_COMMON_BLOCKS = YES;
				GCC_WARN_64_TO_32_BIT_CONVERSION = YES;
				GCC_WARN_ABOUT_RETURN_TYPE = YES_ERROR;
				GCC_WARN_UNDECLARED_SELECTOR = YES;
				GCC_WARN_UNINITIALIZED_AUTOS = YES_AGGRESSIVE;
				GCC_WARN_UNUSED_FUNCTION = YES;
				GCC_WARN_UNUSED_VARIABLE = YES;
				IPHONEOS_DEPLOYMENT_TARGET = 14.1;
				MTL_ENABLE_DEBUG_INFO = NO;
				MTL_FAST_MATH = YES;
				SDKROOT = iphoneos;
				SWIFT_COMPILATION_MODE = wholemodule;
				SWIFT_OPTIMIZATION_LEVEL = "-O";
				VALIDATE_PRODUCT = YES;
			};
			name = Release;
		};
		FF3822E1256E100A00834B35 /* Debug */ = {
			isa = XCBuildConfiguration;
			baseConfigurationReference = EB2993F09E146CF79E72421E /* Pods-MyMemory.debug.xcconfig */;
			buildSettings = {
				ASSETCATALOG_COMPILER_APPICON_NAME = AppIcon;
				ASSETCATALOG_COMPILER_GLOBAL_ACCENT_COLOR_NAME = AccentColor;
				CLANG_ENABLE_MODULES = YES;
				CODE_SIGN_STYLE = Automatic;
				INFOPLIST_FILE = MyMemory/Info.plist;
				LD_RUNPATH_SEARCH_PATHS = (
					"$(inherited)",
					"@executable_path/Frameworks",
				);
				PRODUCT_BUNDLE_IDENTIFIER = selfProject.MyMemory;
				PRODUCT_NAME = "$(TARGET_NAME)";
				SWIFT_OBJC_BRIDGING_HEADER = "MyMemory/MyMemory-Bridging-Header.h";
				SWIFT_OPTIMIZATION_LEVEL = "-Onone";
				SWIFT_VERSION = 5.0;
				TARGETED_DEVICE_FAMILY = 1;
			};
			name = Debug;
		};
		FF3822E2256E100A00834B35 /* Release */ = {
			isa = XCBuildConfiguration;
			baseConfigurationReference = E8E6AA689189C9A2C25EF235 /* Pods-MyMemory.release.xcconfig */;
			buildSettings = {
				ASSETCATALOG_COMPILER_APPICON_NAME = AppIcon;
				ASSETCATALOG_COMPILER_GLOBAL_ACCENT_COLOR_NAME = AccentColor;
				CLANG_ENABLE_MODULES = YES;
				CODE_SIGN_STYLE = Automatic;
				INFOPLIST_FILE = MyMemory/Info.plist;
				LD_RUNPATH_SEARCH_PATHS = (
					"$(inherited)",
					"@executable_path/Frameworks",
				);
				PRODUCT_BUNDLE_IDENTIFIER = selfProject.MyMemory;
				PRODUCT_NAME = "$(TARGET_NAME)";
				SWIFT_OBJC_BRIDGING_HEADER = "MyMemory/MyMemory-Bridging-Header.h";
				SWIFT_VERSION = 5.0;
				TARGETED_DEVICE_FAMILY = 1;
			};
			name = Release;
		};
/* End XCBuildConfiguration section */

/* Begin XCConfigurationList section */
		FF3822C4256E100600834B35 /* Build configuration list for PBXProject "MyMemory" */ = {
			isa = XCConfigurationList;
			buildConfigurations = (
				FF3822DE256E100A00834B35 /* Debug */,
				FF3822DF256E100A00834B35 /* Release */,
			);
			defaultConfigurationIsVisible = 0;
			defaultConfigurationName = Release;
		};
		FF3822E0256E100A00834B35 /* Build configuration list for PBXNativeTarget "MyMemory" */ = {
			isa = XCConfigurationList;
			buildConfigurations = (
				FF3822E1256E100A00834B35 /* Debug */,
				FF3822E2256E100A00834B35 /* Release */,
			);
			defaultConfigurationIsVisible = 0;
			defaultConfigurationName = Release;
		};
/* End XCConfigurationList section */

/* Begin XCVersionGroup section */
		FF3822D5256E100600834B35 /* MyMemory.xcdatamodeld */ = {
			isa = XCVersionGroup;
			children = (
				FF3822D6256E100600834B35 /* MyMemory.xcdatamodel */,
			);
			currentVersion = FF3822D6256E100600834B35 /* MyMemory.xcdatamodel */;
			path = MyMemory.xcdatamodeld;
			sourceTree = "<group>";
			versionGroupType = wrapper.xcdatamodel;
		};
/* End XCVersionGroup section */
	};
	rootObject = FF3822C1256E100600834B35 /* Project object */;
}
